# This file is autogenerated, do not edit; changes may be undone by the next 'dep ensure'.


[[projects]]
  digest = "1:6b21090f60571b20b3ddc2c8e48547dffcf409498ed6002c2cada023725ed377"
  name = "github.com/davecgh/go-spew"
  packages = ["spew"]
  pruneopts = "UT"
  revision = "782f4967f2dc4564575ca782fe2d04090b5faca8"

[[projects]]
  digest = "1:4189ee6a3844f555124d9d2656fe7af02fca961c2a9bad9074789df13a0c62e0"
  name = "github.com/docker/distribution"
  packages = [
    "digestset",
    "reference",
  ]
  pruneopts = "UT"
  revision = "edc3ab29cdff8694dd6feb85cfeb4b5f1b38ed9c"

[[projects]]
  digest = "1:c45cef8e0074ea2f8176a051df38553ba997a3616f1ec2d35222b1cf9864881e"
  name = "github.com/ghodss/yaml"
  packages = ["."]
  pruneopts = "UT"
  revision = "73d445a93680fa1a78ae23a5839bad48f32ba1ee"

[[projects]]
  digest = "1:f83d740263b44fdeef3e1bce6147b5d7283fcad1a693d39639be33993ecf3db1"
  name = "github.com/gogo/protobuf"
  packages = [
    "proto",
    "sortkeys",
  ]
  pruneopts = "UT"
  revision = "c0656edd0d9eab7c66d1eb0c568f9039345796f7"

[[projects]]
  digest = "1:2edd2416f89b4e841df0e4a78802ce14d2bc7ad79eba1a45986e39f0f8cb7d87"
  name = "github.com/golang/glog"
  packages = ["."]
  pruneopts = "UT"
  revision = "44145f04b68cf362d9c4df2182967c2275eaefed"

[[projects]]
  digest = "1:7672c206322f45b33fac1ae2cb899263533ce0adcc6481d207725560208ec84e"
  name = "github.com/golang/groupcache"
  packages = ["lru"]
  pruneopts = "UT"
  revision = "02826c3e79038b59d737d3b1c0a1d937f71a4433"

[[projects]]
  digest = "1:17fe264ee908afc795734e8c4e63db2accabaf57326dbf21763a7d6b86096260"
  name = "github.com/golang/protobuf"
  packages = [
    "proto",
    "ptypes",
    "ptypes/any",
    "ptypes/duration",
    "ptypes/timestamp",
  ]
  pruneopts = "UT"
  revision = "b4deda0973fb4c70b50d226b1af49f3da59f5265"
  version = "v1.1.0"

[[projects]]
  branch = "master"
  digest = "1:0bfbe13936953a98ae3cfe8ed6670d396ad81edf069a806d2f6515d7bb6950df"
  name = "github.com/google/btree"
  packages = ["."]
  pruneopts = "UT"
  revision = "4030bb1f1f0c35b30ca7009e9ebd06849dd45306"

[[projects]]
  digest = "1:41bfd4219241b7f7d6e6fdb13fc712576f1337e68e6b895136283b76928fdd66"
  name = "github.com/google/gofuzz"
  packages = ["."]
  pruneopts = "UT"
  revision = "44d81051d367757e1c7c6a5a86423ece9afcf63c"

[[projects]]
  digest = "1:b67d187fcb5f5155dba204465f6d9320b370252ff14b57e7129247c5ac1e9469"
  name = "github.com/googleapis/gnostic"
  packages = [
    "OpenAPIv2",
    "compiler",
    "extensions",
  ]
  pruneopts = "UT"
  revision = "68f4ded48ba9414dab2ae69b3f0d69971da73aa5"

[[projects]]
  digest = "1:878f0defa9b853f9acfaf4a162ba450a89d0050eff084f9fe7f5bd15948f172a"
  name = "github.com/gregjones/httpcache"
  packages = [
    ".",
    "diskcache",
  ]
  pruneopts = "UT"
  revision = "787624de3eb7bd915c329cba748687a3b22666a6"

[[projects]]
  digest = "1:3f90d23757c18b1e07bf11494dbe737ee2c44d881c0f41e681611abdadad62fa"
  name = "github.com/hashicorp/golang-lru"
  packages = [
    ".",
    "simplelru",
  ]
  pruneopts = "UT"
  revision = "a0d98a5f288019575c6d1f4bb1573fef2d1fcdc4"

[[projects]]
  digest = "1:bb3cc4c1b21ea18cfa4e3e47440fc74d316ab25b0cf42927e8c1274917bd9891"
  name = "github.com/json-iterator/go"
  packages = ["."]
  pruneopts = "UT"
  revision = "f2b4162afba35581b6d4a50d3b8f34e33c144682"

[[projects]]
  digest = "1:33422d238f147d247752996a26574ac48dcf472976eda7f5134015f06bf16563"
  name = "github.com/modern-go/concurrent"
  packages = ["."]
  pruneopts = "UT"
  revision = "bacd9c7ef1dd9b15be4a9909b8ac7a4e313eec94"
  version = "1.0.3"

[[projects]]
  digest = "1:c56ad36f5722eb07926c979d5e80676ee007a9e39e7808577b9d87ec92b00460"
  name = "github.com/modern-go/reflect2"
  packages = ["."]
  pruneopts = "UT"
  revision = "94122c33edd36123c84d5368cfb2b69df93a0ec8"
  version = "v1.0.1"

[[projects]]
  digest = "1:37423212694a4316f48e0bbac8e4f1fd366a384a286fbaa7d80baf99d86f0416"
  name = "github.com/opencontainers/go-digest"
  packages = ["."]
  pruneopts = "UT"
  revision = "a6d0ee40d4207ea02364bd3b9e8e77b9159ba1eb"

[[projects]]
  branch = "master"
  digest = "1:3bf17a6e6eaa6ad24152148a631d18662f7212e21637c2699bff3369b7f00fa2"
  name = "github.com/petar/GoLLRB"
  packages = ["llrb"]
  pruneopts = "UT"
  revision = "53be0d36a84c2a886ca057d34b6aa4468df9ccb4"

[[projects]]
  digest = "1:0e7775ebbcf00d8dd28ac663614af924411c868dca3d5aa762af0fae3808d852"
  name = "github.com/peterbourgon/diskv"
  packages = ["."]
  pruneopts = "UT"
  revision = "5f041e8faa004a95c88a202771f4cc3e991971e6"
  version = "v2.0.1"

[[projects]]
  digest = "1:9424f440bba8f7508b69414634aef3b2b3a877e522d8a4624692412805407bb7"
  name = "github.com/spf13/pflag"
  packages = ["."]
  pruneopts = "UT"
  revision = "583c0c0531f06d5278b7d917446061adc344b5cd"
  version = "v1.0.1"

[[projects]]
  branch = "master"
  digest = "1:583f2f436bab7b59a7bd3e759f1375b06f460760ed1f9235604d143eaab83009"
  name = "golang.org/x/crypto"
  packages = [
    "ed25519",
    "ed25519/internal/edwards25519",
    "ssh/terminal",
  ]
  pruneopts = "UT"
  revision = "e3636079e1a4c1f337f212cc5cd2aca108f6c900"

[[projects]]
  digest = "1:7f8cf4434657e2b21067f70930402b43144b6ff94022171be5cfcb5924c7f27c"
  name = "golang.org/x/net"
  packages = [
    "context",
    "http2",
    "http2/hpack",
    "idna",
    "lex/httplex",
  ]
  pruneopts = "UT"
  revision = "1c05540f6879653db88113bc4a2b70aec4bd491f"

[[projects]]
  digest = "1:9359217acc6040b4be710ce34473acef28023ad39bfafecea34ffaea7f1e1890"
  name = "golang.org/x/oauth2"
  packages = [
    ".",
    "internal",
  ]
  pruneopts = "UT"
  revision = "a6bd8cefa1811bd24b86f8902872e4e8225f74c4"

[[projects]]
  digest = "1:e1a85d3648114c446b2874647bf30f646a8594e7e4e45db87fe962aba60e51f5"
  name = "golang.org/x/sys"
  packages = [
    "unix",
    "windows",
  ]
  pruneopts = "UT"
  revision = "95c6576299259db960f6c5b9b69ea52422860fce"

[[projects]]
  digest = "1:a2ab62866c75542dd18d2b069fec854577a20211d7c0ea6ae746072a1dccdd18"
  name = "golang.org/x/text"
  packages = [
    "collate",
    "collate/build",
    "internal/colltab",
    "internal/gen",
    "internal/tag",
    "internal/triegen",
    "internal/ucd",
    "language",
    "secure/bidirule",
    "transform",
    "unicode/bidi",
    "unicode/cldr",
    "unicode/norm",
    "unicode/rangetable",
  ]
  pruneopts = "UT"
  revision = "f21a4dfb5e38f5895301dc265a8def02365cc3d0"
  version = "v0.3.0"

[[projects]]
  digest = "1:d37b0ef2944431fe9e8ef35c6fffc8990d9e2ca300588df94a6890f3649ae365"
  name = "golang.org/x/time"
  packages = ["rate"]
  pruneopts = "UT"
  revision = "f51c12702a4d776e4c1fa9b0fabab841babae631"

[[projects]]
  digest = "1:6247f76e55a1e1a5c19a81e2d4b4dff6730461eeb5bbb0a16dd4a8ec8637ee93"
  name = "google.golang.org/appengine"
  packages = [
    "internal",
    "internal/base",
    "internal/datastore",
    "internal/log",
    "internal/remote_api",
    "internal/urlfetch",
    "urlfetch",
  ]
  pruneopts = "UT"
  revision = "ae0ab99deb4dc413a2b4bd6c8bdd0eb67f1e4d06"
  version = "v1.2.0"

[[projects]]
  digest = "1:ef72505cf098abdd34efeea032103377bec06abb61d8a06f002d5d296a4b1185"
  name = "gopkg.in/inf.v0"
  packages = ["."]
  pruneopts = "UT"
  revision = "3887ee99ecf07df5b447e9b00d9c0b2adaa9f3e4"
  version = "v0.9.0"

[[projects]]
  digest = "1:517fc596d15da8456fefaa85bcff18dd2068ade58f1e108997c2456ff0e83d3d"
  name = "gopkg.in/square/go-jose.v2"
  packages = [
    ".",
    "cipher",
    "json",
    "jwt",
  ]
  pruneopts = "UT"
  revision = "89060dee6a84df9a4dae49f676f0c755037834f1"

[[projects]]
  digest = "1:342378ac4dcb378a5448dd723f0784ae519383532f5e70ade24132c4c8693202"
  name = "gopkg.in/yaml.v2"
  packages = ["."]
  pruneopts = "UT"
  revision = "5420a8b6744d3b0345ab293f6fcba19c978f1183"
  version = "v2.2.1"

[[projects]]
  branch = "master"
  digest = "1:eace0d597eb2baca8e43442bd14dcf34e07f4f61565f45f802248f97797ba45a"
  name = "k8s.io/api"
  packages = [
    "admissionregistration/v1alpha1",
    "admissionregistration/v1beta1",
    "apps/v1",
    "apps/v1beta1",
    "apps/v1beta2",
    "authentication/v1",
    "authentication/v1beta1",
    "authorization/v1",
    "authorization/v1beta1",
    "autoscaling/v1",
    "autoscaling/v2beta1",
    "autoscaling/v2beta2",
    "batch/v1",
    "batch/v1beta1",
    "batch/v2alpha1",
    "certificates/v1beta1",
    "coordination/v1beta1",
    "core/v1",
    "events/v1beta1",
    "extensions/v1beta1",
    "networking/v1",
    "policy/v1beta1",
    "rbac/v1",
    "rbac/v1alpha1",
    "rbac/v1beta1",
    "scheduling/v1alpha1",
    "scheduling/v1beta1",
    "settings/v1alpha1",
    "storage/v1",
    "storage/v1alpha1",
    "storage/v1beta1",
  ]
  pruneopts = "UT"
  revision = "ded30614edd77e131ec4fb340f049041faebe692"

[[projects]]
  branch = "master"
  digest = "1:fa432f3acd7631bca4888e8d0f1db60cc46aef6a2d85a7f87f0ade54ea0ba56e"
  name = "k8s.io/apiextensions-apiserver"
  packages = ["pkg/features"]
  pruneopts = "UT"
  revision = "b499623aa7a31f7c85b37017e068b21206a68e25"

[[projects]]
  branch = "master"
  digest = "1:a4f2776dd8fd684422481c27b4f9472503af0c7926b035c08d9ea29ea71ef9c1"
  name = "k8s.io/apimachinery"
  packages = [
    "pkg/api/equality",
    "pkg/api/errors",
    "pkg/api/meta",
    "pkg/api/resource",
    "pkg/api/validation",
    "pkg/apis/meta/internalversion",
    "pkg/apis/meta/v1",
    "pkg/apis/meta/v1/unstructured",
    "pkg/apis/meta/v1/validation",
    "pkg/apis/meta/v1beta1",
    "pkg/conversion",
    "pkg/conversion/queryparams",
    "pkg/fields",
    "pkg/labels",
    "pkg/runtime",
    "pkg/runtime/schema",
    "pkg/runtime/serializer",
    "pkg/runtime/serializer/json",
    "pkg/runtime/serializer/protobuf",
    "pkg/runtime/serializer/recognizer",
    "pkg/runtime/serializer/streaming",
    "pkg/runtime/serializer/versioning",
    "pkg/selection",
    "pkg/types",
    "pkg/util/cache",
    "pkg/util/clock",
    "pkg/util/diff",
    "pkg/util/errors",
    "pkg/util/framer",
    "pkg/util/intstr",
    "pkg/util/json",
    "pkg/util/mergepatch",
    "pkg/util/naming",
    "pkg/util/net",
    "pkg/util/rand",
    "pkg/util/runtime",
    "pkg/util/sets",
    "pkg/util/strategicpatch",
    "pkg/util/validation",
    "pkg/util/validation/field",
    "pkg/util/wait",
    "pkg/util/yaml",
    "pkg/version",
    "pkg/watch",
    "third_party/forked/golang/json",
    "third_party/forked/golang/reflect",
  ]
  pruneopts = "UT"
  revision = "e65edc4ced47a9ae9b5ae9c1c193dba1a5827b62"

[[projects]]
  branch = "master"
  digest = "1:63a8bd4ababac4b2fd24ee3b5bb0d0d18944f9a136a34aab9ab9412292a45e21"
  name = "k8s.io/apiserver"
  packages = [
    "pkg/authentication/authenticator",
    "pkg/authentication/serviceaccount",
    "pkg/authentication/user",
    "pkg/features",
    "pkg/util/feature",
  ]
  pruneopts = "UT"
  revision = "1f59ae3a4c2cd441f6fec1b88e25e61f8c0ada52"

[[projects]]
  digest = "1:0ecd996855a3d1b569ab98c5f67e3f467eb0452376fa9d58fbacebdba25855f6"
  name = "k8s.io/client-go"
  packages = [
    "discovery",
    "informers",
    "informers/admissionregistration",
    "informers/admissionregistration/v1alpha1",
    "informers/admissionregistration/v1beta1",
    "informers/apps",
    "informers/apps/v1",
    "informers/apps/v1beta1",
    "informers/apps/v1beta2",
    "informers/autoscaling",
    "informers/autoscaling/v1",
    "informers/autoscaling/v2beta1",
    "informers/autoscaling/v2beta2",
    "informers/batch",
    "informers/batch/v1",
    "informers/batch/v1beta1",
    "informers/batch/v2alpha1",
    "informers/certificates",
    "informers/certificates/v1beta1",
    "informers/coordination",
    "informers/coordination/v1beta1",
    "informers/core",
    "informers/core/v1",
    "informers/events",
    "informers/events/v1beta1",
    "informers/extensions",
    "informers/extensions/v1beta1",
    "informers/internalinterfaces",
    "informers/networking",
    "informers/networking/v1",
    "informers/policy",
    "informers/policy/v1beta1",
    "informers/rbac",
    "informers/rbac/v1",
    "informers/rbac/v1alpha1",
    "informers/rbac/v1beta1",
    "informers/scheduling",
    "informers/scheduling/v1alpha1",
    "informers/scheduling/v1beta1",
    "informers/settings",
    "informers/settings/v1alpha1",
    "informers/storage",
    "informers/storage/v1",
    "informers/storage/v1alpha1",
    "informers/storage/v1beta1",
    "kubernetes",
    "kubernetes/scheme",
    "kubernetes/typed/admissionregistration/v1alpha1",
    "kubernetes/typed/admissionregistration/v1beta1",
    "kubernetes/typed/apps/v1",
    "kubernetes/typed/apps/v1beta1",
    "kubernetes/typed/apps/v1beta2",
    "kubernetes/typed/authentication/v1",
    "kubernetes/typed/authentication/v1beta1",
    "kubernetes/typed/authorization/v1",
    "kubernetes/typed/authorization/v1beta1",
    "kubernetes/typed/autoscaling/v1",
    "kubernetes/typed/autoscaling/v2beta1",
    "kubernetes/typed/autoscaling/v2beta2",
    "kubernetes/typed/batch/v1",
    "kubernetes/typed/batch/v1beta1",
    "kubernetes/typed/batch/v2alpha1",
    "kubernetes/typed/certificates/v1beta1",
    "kubernetes/typed/coordination/v1beta1",
    "kubernetes/typed/core/v1",
    "kubernetes/typed/events/v1beta1",
    "kubernetes/typed/extensions/v1beta1",
    "kubernetes/typed/networking/v1",
    "kubernetes/typed/policy/v1beta1",
    "kubernetes/typed/rbac/v1",
    "kubernetes/typed/rbac/v1alpha1",
    "kubernetes/typed/rbac/v1beta1",
    "kubernetes/typed/scheduling/v1alpha1",
    "kubernetes/typed/scheduling/v1beta1",
    "kubernetes/typed/settings/v1alpha1",
    "kubernetes/typed/storage/v1",
    "kubernetes/typed/storage/v1alpha1",
    "kubernetes/typed/storage/v1beta1",
    "listers/admissionregistration/v1alpha1",
    "listers/admissionregistration/v1beta1",
    "listers/apps/v1",
    "listers/apps/v1beta1",
    "listers/apps/v1beta2",
    "listers/autoscaling/v1",
    "listers/autoscaling/v2beta1",
    "listers/autoscaling/v2beta2",
    "listers/batch/v1",
    "listers/batch/v1beta1",
    "listers/batch/v2alpha1",
    "listers/certificates/v1beta1",
    "listers/coordination/v1beta1",
    "listers/core/v1",
    "listers/events/v1beta1",
    "listers/extensions/v1beta1",
    "listers/networking/v1",
    "listers/policy/v1beta1",
    "listers/rbac/v1",
    "listers/rbac/v1alpha1",
    "listers/rbac/v1beta1",
    "listers/scheduling/v1alpha1",
    "listers/scheduling/v1beta1",
    "listers/settings/v1alpha1",
    "listers/storage/v1",
    "listers/storage/v1alpha1",
    "listers/storage/v1beta1",
    "pkg/apis/clientauthentication",
    "pkg/apis/clientauthentication/v1alpha1",
    "pkg/apis/clientauthentication/v1beta1",
    "pkg/version",
    "plugin/pkg/client/auth/exec",
    "rest",
    "rest/watch",
    "tools/cache",
    "tools/clientcmd/api",
    "tools/metrics",
    "tools/pager",
    "tools/record",
    "tools/reference",
    "tools/watch",
    "transport",
    "util/buffer",
    "util/cert",
    "util/connrotation",
    "util/flowcontrol",
    "util/integer",
    "util/retry",
  ]
  pruneopts = "UT"
  revision = "1638f8970cefaa404ff3a62950f88b08292b2696"
  version = "v9.0.0"

[[projects]]
  branch = "master"
  digest = "1:04c357e028e6f95c63b28b806d489d5908051b69a476a95305f5243c1c32141d"
  name = "k8s.io/csi-api"
  packages = [
    "pkg/apis/csi/v1alpha1",
    "pkg/client/clientset/versioned",
    "pkg/client/clientset/versioned/scheme",
    "pkg/client/clientset/versioned/typed/csi/v1alpha1",
  ]
  pruneopts = "UT"
  revision = "0f2056e4b232dc81c2d43285caa18320b5909f71"

[[projects]]
  digest = "1:a2c842a1e0aed96fd732b535514556323a6f5edfded3b63e5e0ab1bce188aa54"
  name = "k8s.io/kube-openapi"
  packages = ["pkg/util/proto"]
  pruneopts = "UT"
  revision = "0cf8f7e6ed1d2e3d47d02e3b6e559369af24d803"

[[projects]]
  digest = "1:a2f44db628b3005e33e82e0d0dcd58fbb4b2fa7b4b2614a7cbde4473e3ff2f5b"
  name = "k8s.io/kubernetes"
  packages = [
    "pkg/api/legacyscheme",
    "pkg/api/service",
    "pkg/api/v1/pod",
    "pkg/apis/autoscaling",
    "pkg/apis/core",
    "pkg/apis/core/helper",
    "pkg/apis/core/install",
    "pkg/apis/core/pods",
    "pkg/apis/core/v1",
    "pkg/apis/core/v1/helper",
    "pkg/apis/core/validation",
    "pkg/apis/extensions",
    "pkg/apis/networking",
    "pkg/apis/policy",
    "pkg/apis/scheduling",
    "pkg/capabilities",
    "pkg/cloudprovider",
    "pkg/controller",
    "pkg/features",
    "pkg/fieldpath",
    "pkg/kubelet/apis",
    "pkg/kubelet/types",
    "pkg/master/ports",
    "pkg/scheduler/algorithm",
    "pkg/scheduler/algorithm/priorities/util",
    "pkg/scheduler/api",
    "pkg/scheduler/cache",
    "pkg/scheduler/util",
    "pkg/security/apparmor",
    "pkg/serviceaccount",
    "pkg/util/file",
    "pkg/util/hash",
    "pkg/util/io",
    "pkg/util/mount",
    "pkg/util/net/sets",
    "pkg/util/node",
    "pkg/util/nsenter",
    "pkg/util/parsers",
    "pkg/util/taints",
    "pkg/volume",
    "pkg/volume/util/fs",
    "pkg/volume/util/recyclerclient",
  ]
  pruneopts = "UT"
  revision = "4ed3216f3ec431b140b1d899130a69fc671678f4"
  version = "v1.12.1"

[[projects]]
  digest = "1:66d2fc6b85d80bcbed8e606a04887eedf7504ffc9a3eed0e15ecbb8b82daebf2"
  name = "k8s.io/utils"
  packages = [
    "exec",
    "pointer",
  ]
  pruneopts = "UT"
  revision = "66066c83e385e385ccc3c964b44fd7dcd413d0ed"

[solve-meta]
  analyzer-name = "dep"
  analyzer-version = 1
  input-imports = [
    "k8s.io/api/core/v1",
    "k8s.io/kubernetes/pkg/volume",
  ]
  solver-name = "gps-cdcl"
  solver-version = 1
